
Microsoft Visual Studio Solution File, Format Version 12.00
# Visual Studio Version 17
VisualStudioVersion = 17.8.34322.80
MinimumVisualStudioVersion = 10.0.40219.1
Project("{9A19103F-16F7-4668-BE54-9A1E7A4F7556}") = "RacingGame.MonoGameDX", "RacingGame\RacingGame.MonoGameDX.csproj", "{DBB46CD5-4D23-44DE-B4F9-6E3FC14629A8}"
EndProject
Global
	GlobalSection(SolutionConfigurationPlatforms) = preSolution
		Debug|Any CPU = Debug|Any CPU
		Release|Any CPU = Release|Any CPU
	EndGlobalSection
	GlobalSection(ProjectConfigurationPlatforms) = postSolution
		{DBB46CD5-4D23-44DE-B4F9-6E3FC14629A8}.Debug|Any CPU.ActiveCfg = Debug|Any CPU
		{DBB46CD5-4D23-44DE-B4F9-6E3FC14629A8}.Debug|Any CPU.Build.0 = Debug|Any CPU
		{DBB46CD5-4D23-44DE-B4F9-6E3FC14629A8}.Release|Any CPU.ActiveCfg = Release|Any CPU
		{DBB46CD5-4D23-44DE-B4F9-6E3FC14629A8}.Release|Any CPU.Build.0 = Release|Any CPU
	EndGlobalSection
	GlobalSection(SolutionProperties) = preSolution
		HideSolutionNode = FALSE
	EndGlobalSection
	GlobalSection(ExtensibilityGlobals) = postSolution
		SolutionGuid = {D266ED12-92D7-4FD3-A1F2-9D4D7F34C79B}
	EndGlobalSection
EndGlobal
